PODS:
  - RxCocoa (5.1.1):
    - RxRelay (~> 5)
    - RxSwift (~> 5)
  - RxRelay (5.1.1):
    - RxSwift (~> 5)
  - RxRequestCache (0.1.0):
    - RxSwift
  - RxSwift (5.1.1)

DEPENDENCIES:
  - RxCocoa
  - RxRequestCache (from `../`)

SPEC REPOS:
  trunk:
    - RxCocoa
    - RxRelay
    - RxSwift

EXTERNAL SOURCES:
  RxRequestCache:
    :path: "../"

SPEC CHECKSUMS:
  RxCocoa: 32065309a38d29b5b0db858819b5bf9ef038b601
  RxRelay: d77f7d771495f43c556cbc43eebd1bb54d01e8e9
  RxRequestCache: da143e409e2b95bd9711bbb32b70e4ccbc62ab33
  RxSwift: 81470a2074fa8780320ea5fe4102807cb7118178

PODFILE CHECKSUM: 12265add412340f0044f71a2aae260d1d5a96afa

COCOAPODS: 1.9.3
